
Microsoft Visual Studio Solution File, Format Version 12.00
# Visual Studio Version 16
VisualStudioVersion = 16.0.29001.49
MinimumVisualStudioVersion = 10.0.40219.1
Project("{FAE04EC0-301F-11D3-BF4B-00C04F79EFBC}") = "CalTrek", "CalTrek\CalTrek.csproj", "{34CF26CC-EF51-477C-B0EF-5C9FF0819552}"
EndProject
Global
	GlobalSection(SolutionConfigurationPlatforms) = preSolution
		Debug|Any CPU = Debug|Any CPU
		Release|Any CPU = Release|Any CPU
	EndGlobalSection
	GlobalSection(ProjectConfigurationPlatforms) = postSolution
		{34CF26CC-EF51-477C-B0EF-5C9FF0819552}.Debug|Any CPU.ActiveCfg = Debug|Any CPU
		{34CF26CC-EF51-477C-B0EF-5C9FF0819552}.Debug|Any CPU.Build.0 = Debug|Any CPU
		{34CF26CC-EF51-477C-B0EF-5C9FF0819552}.Release|Any CPU.ActiveCfg = Release|Any CPU
		{34CF26CC-EF51-477C-B0EF-5C9FF0819552}.Release|Any CPU.Build.0 = Release|Any CPU
	EndGlobalSection
	GlobalSection(SolutionProperties) = preSolution
		HideSolutionNode = FALSE
	EndGlobalSection
	GlobalSection(ExtensibilityGlobals) = postSolution
		SolutionGuid = {87BCEBF4-211E-4FD3-898D-49BF09E7F043}
	EndGlobalSection
EndGlobal
